// !$*UTF8*$!
{
	archiveVersion = 1;
	classes = {
	};
	objectVersion = 56;
	objects = {

/* Begin PBXBuildFile section */
		251AD6BA2BF7D0B3004037D2 /* ButtonTestApp.swift in Sources */ = {isa = PBXBuildFile; fileRef = 251AD6B92BF7D0B3004037D2 /* ButtonTestApp.swift */; };
		251AD6BC2BF7D0B3004037D2 /* ContentView.swift in Sources */ = {isa = PBXBuildFile; fileRef = 251AD6BB2BF7D0B3004037D2 /* ContentView.swift */; };
		251AD6BE2BF7D0B5004037D2 /* Assets.xcassets in Resources */ = {isa = PBXBuildFile; fileRef = 251AD6BD2BF7D0B5004037D2 /* Assets.xcassets */; };
		251AD6C12BF7D0B5004037D2 /* Preview Assets.xcassets in Resources */ = {isa = PBXBuildFile; fileRef = 251AD6C02BF7D0B5004037D2 /* Preview Assets.xcassets */; };
		251AD6CB2BF7D0B5004037D2 /* ButtonTestTests.swift in Sources */ = {isa = PBXBuildFile; fileRef = 251AD6CA2BF7D0B5004037D2 /* ButtonTestTests.swift */; };
		251AD6D52BF7D0B5004037D2 /* ButtonTestUITests.swift in Sources */ = {isa = PBXBuildFile; fileRef = 251AD6D42BF7D0B5004037D2 /* ButtonTestUITests.swift */; };
		251AD6D72BF7D0B5004037D2 /* ButtonTestUITestsLaunchTests.swift in Sources */ = {isa = PBXBuildFile; fileRef = 251AD6D62BF7D0B5004037D2 /* ButtonTestUITestsLaunchTests.swift */; };
/* End PBXBuildFile section */

/* Begin PBXContainerItemProxy section */
		251AD6C72BF7D0B5004037D2 /* PBXContainerItemProxy */ = {
			isa = PBXContainerItemProxy;
			containerPortal = 251AD6AE2BF7D0B3004037D2 /* Project object */;
			proxyType = 1;
			remoteGlobalIDString = 251AD6B52BF7D0B3004037D2;
			remoteInfo = ButtonTest;
		};
		251AD6D12BF7D0B5004037D2 /* PBXContainerItemProxy */ = {
			isa = PBXContainerItemProxy;
			containerPortal = 251AD6AE2BF7D0B3004037D2 /* Project object */;
			proxyType = 1;
			remoteGlobalIDString = 251AD6B52BF7D0B3004037D2;
			remoteInfo = ButtonTest;
		};
/* End PBXContainerItemProxy section */

/* Begin PBXFileReference section */
		251AD6B62BF7D0B3004037D2 /* ButtonTest.app */ = {isa = PBXFileReference; explicitFileType = wrapper.application; includeInIndex = 0; path = ButtonTest.app; sourceTree = BUILT_PRODUCTS_DIR; };
		251AD6B92BF7D0B3004037D2 /* ButtonTestApp.swift */ = {isa = PBXFileReference; lastKnownFileType = sourcecode.swift; path = ButtonTestApp.swift; sourceTree = "<group>"; };
		251AD6BB2BF7D0B3004037D2 /* ContentView.swift */ = {isa = PBXFileReference; lastKnownFileType = sourcecode.swift; path = ContentView.swift; sourceTree = "<group>"; };
		251AD6BD2BF7D0B5004037D2 /* Assets.xcassets */ = {isa = PBXFileReference; lastKnownFileType = folder.assetcatalog; path = Assets.xcassets; sourceTree = "<group>"; };
		251AD6C02BF7D0B5004037D2 /* Preview Assets.xcassets */ = {isa = PBXFileReference; lastKnownFileType = folder.assetcatalog; path = "Preview Assets.xcassets"; sourceTree = "<group>"; };
		251AD6C62BF7D0B5004037D2 /* ButtonTestTests.xctest */ = {isa = PBXFileReference; explicitFileType = wrapper.cfbundle; includeInIndex = 0; path = ButtonTestTests.xctest; sourceTree = BUILT_PRODUCTS_DIR; };
		251AD6CA2BF7D0B5004037D2 /* ButtonTestTests.swift */ = {isa = PBXFileReference; lastKnownFileType = sourcecode.swift; path = ButtonTestTests.swift; sourceTree = "<group>"; };
		251AD6D02BF7D0B5004037D2 /* ButtonTestUITests.xctest */ = {isa = PBXFileReference; explicitFileType = wrapper.cfbundle; includeInIndex = 0; path = ButtonTestUITests.xctest; sourceTree = BUILT_PRODUCTS_DIR; };
		251AD6D42BF7D0B5004037D2 /* ButtonTestUITests.swift */ = {isa = PBXFileReference; lastKnownFileType = sourcecode.swift; path = ButtonTestUITests.swift; sourceTree = "<group>"; };
		251AD6D62BF7D0B5004037D2 /* ButtonTestUITestsLaunchTests.swift */ = {isa = PBXFileReference; lastKnownFileType = sourcecode.swift; path = ButtonTestUITestsLaunchTests.swift; sourceTree = "<group>"; };
/* End PBXFileReference section */

/* Begin PBXFrameworksBuildPhase section */
		251AD6B32BF7D0B3004037D2 /* Frameworks */ = {
			isa = PBXFrameworksBuildPhase;
			buildActionMask = 2147483647;
			files = (
			);
			runOnlyForDeploymentPostprocessing = 0;
		};
		251AD6C32BF7D0B5004037D2 /* Frameworks */ = {
			isa = PBXFrameworksBuildPhase;
			buildActionMask = 2147483647;
			files = (
			);
			runOnlyForDeploymentPostprocessing = 0;
		};
		251AD6CD2BF7D0B5004037D2 /* Frameworks */ = {
			isa = PBXFrameworksBuildPhase;
			buildActionMask = 2147483647;
			files = (
			);
			runOnlyForDeploymentPostprocessing = 0;
		};
/* End PBXFrameworksBuildPhase section */

/* Begin PBXGroup section */
		251AD6AD2BF7D0B3004037D2 = {
			isa = PBXGroup;
			children = (
				251AD6B82BF7D0B3004037D2 /* ButtonTest */,
				251AD6C92BF7D0B5004037D2 /* ButtonTestTests */,
				251AD6D32BF7D0B5004037D2 /* ButtonTestUITests */,
				251AD6B72BF7D0B3004037D2 /* Products */,
			);
			sourceTree = "<group>";
		};
		251AD6B72BF7D0B3004037D2 /* Products */ = {
			isa = PBXGroup;
			children = (
				251AD6B62BF7D0B3004037D2 /* ButtonTest.app */,
				251AD6C62BF7D0B5004037D2 /* ButtonTestTests.xctest */,
				251AD6D02BF7D0B5004037D2 /* ButtonTestUITests.xctest */,
			);
			name = Products;
			sourceTree = "<group>";
		};
		251AD6B82BF7D0B3004037D2 /* ButtonTest */ = {
			isa = PBXGroup;
			children = (
				251AD6B92BF7D0B3004037D2 /* ButtonTestApp.swift */,
				251AD6BB2BF7D0B3004037D2 /* ContentView.swift */,
				251AD6BD2BF7D0B5004037D2 /* Assets.xcassets */,
				251AD6BF2BF7D0B5004037D2 /* Preview Content */,
			);
			path = ButtonTest;
			sourceTree = "<group>";
		};
		251AD6BF2BF7D0B5004037D2 /* Preview Content */ = {
			isa = PBXGroup;
			children = (
				251AD6C02BF7D0B5004037D2 /* Preview Assets.xcassets */,
			);
			path = "Preview Content";
			sourceTree = "<group>";
		};
		251AD6C92BF7D0B5004037D2 /* ButtonTestTests */ = {
			isa = PBXGroup;
			children = (
				251AD6CA2BF7D0B5004037D2 /* ButtonTestTests.swift */,
			);
			path = ButtonTestTests;
			sourceTree = "<group>";
		};
		251AD6D32BF7D0B5004037D2 /* ButtonTestUITests */ = {
			isa = PBXGroup;
			children = (
				251AD6D42BF7D0B5004037D2 /* ButtonTestUITests.swift */,
				251AD6D62BF7D0B5004037D2 /* ButtonTestUITestsLaunchTests.swift */,
			);
			path = ButtonTestUITests;
			sourceTree = "<group>";
		};
/* End PBXGroup section */

/* Begin PBXNativeTarget section */
		251AD6B52BF7D0B3004037D2 /* ButtonTest */ = {
			isa = PBXNativeTarget;
			buildConfigurationList = 251AD6DA2BF7D0B5004037D2 /* Build configuration list for PBXNativeTarget "ButtonTest" */;
			buildPhases = (
				251AD6B22BF7D0B3004037D2 /* Sources */,
				251AD6B32BF7D0B3004037D2 /* Frameworks */,
				251AD6B42BF7D0B3004037D2 /* Resources */,
			);
			buildRules = (
			);
			dependencies = (
			);
			name = ButtonTest;
			productName = ButtonTest;
			productReference = 251AD6B62BF7D0B3004037D2 /* ButtonTest.app */;
			productType = "com.apple.product-type.application";
		};
		251AD6C52BF7D0B5004037D2 /* ButtonTestTests */ = {
			isa = PBXNativeTarget;
			buildConfigurationList = 251AD6DD2BF7D0B5004037D2 /* Build configuration list for PBXNativeTarget "ButtonTestTests" */;
			buildPhases = (
				251AD6C22BF7D0B5004037D2 /* Sources */,
				251AD6C32BF7D0B5004037D2 /* Frameworks */,
				251AD6C42BF7D0B5004037D2 /* Resources */,
			);
			buildRules = (
			);
			dependencies = (
				251AD6C82BF7D0B5004037D2 /* PBXTargetDependency */,
			);
			name = ButtonTestTests;
			productName = ButtonTestTests;
			productReference = 251AD6C62BF7D0B5004037D2 /* ButtonTestTests.xctest */;
			productType = "com.apple.product-type.bundle.unit-test";
		};
		251AD6CF2BF7D0B5004037D2 /* ButtonTestUITests */ = {
			isa = PBXNativeTarget;
			buildConfigurationList = 251AD6E02BF7D0B5004037D2 /* Build configuration list for PBXNativeTarget "ButtonTestUITests" */;
			buildPhases = (
				251AD6CC2BF7D0B5004037D2 /* Sources */,
				251AD6CD2BF7D0B5004037D2 /* Frameworks */,
				251AD6CE2BF7D0B5004037D2 /* Resources */,
			);
			buildRules = (
			);
			dependencies = (
				251AD6D22BF7D0B5004037D2 /* PBXTargetDependency */,
			);
			name = ButtonTestUITests;
			productName = ButtonTestUITests;
			productReference = 251AD6D02BF7D0B5004037D2 /* ButtonTestUITests.xctest */;
			productType = "com.apple.product-type.bundle.ui-testing";
		};
/* End PBXNativeTarget section */

/* Begin PBXProject section */
		251AD6AE2BF7D0B3004037D2 /* Project object */ = {
			isa = PBXProject;
			attributes = {
				BuildIndependentTargetsInParallel = 1;
				LastSwiftUpdateCheck = 1540;
				LastUpgradeCheck = 1540;
				TargetAttributes = {
					251AD6B52BF7D0B3004037D2 = {
						CreatedOnToolsVersion = 15.4;
					};
					251AD6C52BF7D0B5004037D2 = {
						CreatedOnToolsVersion = 15.4;
						TestTargetID = 251AD6B52BF7D0B3004037D2;
					};
					251AD6CF2BF7D0B5004037D2 = {
						CreatedOnToolsVersion = 15.4;
						TestTargetID = 251AD6B52BF7D0B3004037D2;
					};
				};
			};
			buildConfigurationList = 251AD6B12BF7D0B3004037D2 /* Build configuration list for PBXProject "ButtonTest" */;
			compatibilityVersion = "Xcode 14.0";
			developmentRegion = en;
			hasScannedForEncodings = 0;
			knownRegions = (
				en,
				Base,
			);
			mainGroup = 251AD6AD2BF7D0B3004037D2;
			productRefGroup = 251AD6B72BF7D0B3004037D2 /* Products */;
			projectDirPath = "";
			projectRoot = "";
			targets = (
				251AD6B52BF7D0B3004037D2 /* ButtonTest */,
				251AD6C52BF7D0B5004037D2 /* ButtonTestTests */,
				251AD6CF2BF7D0B5004037D2 /* ButtonTestUITests */,
			);
		};
/* End PBXProject section */

/* Begin PBXResourcesBuildPhase section */
		251AD6B42BF7D0B3004037D2 /* Resources */ = {
			isa = PBXResourcesBuildPhase;
			buildActionMask = 2147483647;
			files = (
				251AD6C12BF7D0B5004037D2 /* Preview Assets.xcassets in Resources */,
				251AD6BE2BF7D0B5004037D2 /* Assets.xcassets in Resources */,
			);
			runOnlyForDeploymentPostprocessing = 0;
		};
		251AD6C42BF7D0B5004037D2 /* Resources */ = {
			isa = PBXResourcesBuildPhase;
			buildActionMask = 2147483647;
			files = (
			);
			runOnlyForDeploymentPostprocessing = 0;
		};
		251AD6CE2BF7D0B5004037D2 /* Resources */ = {
			isa = PBXResourcesBuildPhase;
			buildActionMask = 2147483647;
			files = (
			);
			runOnlyForDeploymentPostprocessing = 0;
		};
/* End PBXResourcesBuildPhase section */

/* Begin PBXSourcesBuildPhase section */
		251AD6B22BF7D0B3004037D2 /* Sources */ = {
			isa = PBXSourcesBuildPhase;
			buildActionMask = 2147483647;
			files = (
				251AD6BC2BF7D0B3004037D2 /* ContentView.swift in Sources */,
				251AD6BA2BF7D0B3004037D2 /* ButtonTestApp.swift in Sources */,
			);
			runOnlyForDeploymentPostprocessing = 0;
		};
		251AD6C22BF7D0B5004037D2 /* Sources */ = {
			isa = PBXSourcesBuildPhase;
			buildActionMask = 2147483647;
			files = (
				251AD6CB2BF7D0B5004037D2 /* ButtonTestTests.swift in Sources */,
			);
			runOnlyForDeploymentPostprocessing = 0;
		};
		251AD6CC2BF7D0B5004037D2 /* Sources */ = {
			isa = PBXSourcesBuildPhase;
			buildActionMask = 2147483647;
			files = (
				251AD6D72BF7D0B5004037D2 /* ButtonTestUITestsLaunchTests.swift in Sources */,
				251AD6D52BF7D0B5004037D2 /* ButtonTestUITests.swift in Sources */,
			);
			runOnlyForDeploymentPostprocessing = 0;
		};
/* End PBXSourcesBuildPhase section */

/* Begin PBXTargetDependency section */
		251AD6C82BF7D0B5004037D2 /* PBXTargetDependency */ = {
			isa = PBXTargetDependency;
			target = 251AD6B52BF7D0B3004037D2 /* ButtonTest */;
			targetProxy = 251AD6C72BF7D0B5004037D2 /* PBXContainerItemProxy */;
		};
		251AD6D22BF7D0B5004037D2 /* PBXTargetDependency */ = {
			isa = PBXTargetDependency;
			target = 251AD6B52BF7D0B3004037D2 /* ButtonTest */;
			targetProxy = 251AD6D12BF7D0B5004037D2 /* PBXContainerItemProxy */;
		};
/* End PBXTargetDependency section */

/* Begin XCBuildConfiguration section */
		251AD6D82BF7D0B5004037D2 /* Debug */ = {
			isa = XCBuildConfiguration;
			buildSettings = {
				ALWAYS_SEARCH_USER_PATHS = NO;
				ASSETCATALOG_COMPILER_GENERATE_SWIFT_ASSET_SYMBOL_EXTENSIONS = YES;
				CLANG_ANALYZER_NONNULL = YES;
				CLANG_ANALYZER_NUMBER_OBJECT_CONVERSION = YES_AGGRESSIVE;
				CLANG_CXX_LANGUAGE_STANDARD = "gnu++20";
				CLANG_ENABLE_MODULES = YES;
				CLANG_ENABLE_OBJC_ARC = YES;
				CLANG_ENABLE_OBJC_WEAK = YES;
				CLANG_WARN_BLOCK_CAPTURE_AUTORELEASING = YES;
				CLANG_WARN_BOOL_CONVERSION = YES;
				CLANG_WARN_COMMA = YES;
				CLANG_WARN_CONSTANT_CONVERSION = YES;
				CLANG_WARN_DEPRECATED_OBJC_IMPLEMENTATIONS = YES;
				CLANG_WARN_DIRECT_OBJC_ISA_USAGE = YES_ERROR;
				CLANG_WARN_DOCUMENTATION_COMMENTS = YES;
				CLANG_WARN_EMPTY_BODY = YES;
				CLANG_WARN_ENUM_CONVERSION = YES;
				CLANG_WARN_INFINITE_RECURSION = YES;
				CLANG_WARN_INT_CONVERSION = YES;
				CLANG_WARN_NON_LITERAL_NULL_CONVERSION = YES;
				CLANG_WARN_OBJC_IMPLICIT_RETAIN_SELF = YES;
				CLANG_WARN_OBJC_LITERAL_CONVERSION = YES;
				CLANG_WARN_OBJC_ROOT_CLASS = YES_ERROR;
				CLANG_WARN_QUOTED_INCLUDE_IN_FRAMEWORK_HEADER = YES;
				CLANG_WARN_RANGE_LOOP_ANALYSIS = YES;
				CLANG_WARN_STRICT_PROTOTYPES = YES;
				CLANG_WARN_SUSPICIOUS_MOVE = YES;
				CLANG_WARN_UNGUARDED_AVAILABILITY = YES_AGGRESSIVE;
				CLANG_WARN_UNREACHABLE_CODE = YES;
				CLANG_WARN__DUPLICATE_METHOD_MATCH = YES;
				COPY_PHASE_STRIP = NO;
				DEBUG_INFORMATION_FORMAT = dwarf;
				ENABLE_STRICT_OBJC_MSGSEND = YES;
				ENABLE_TESTABILITY = YES;
				ENABLE_USER_SCRIPT_SANDBOXING = YES;
				GCC_C_LANGUAGE_STANDARD = gnu17;
				GCC_DYNAMIC_NO_PIC = NO;
				GCC_NO_COMMON_BLOCKS = YES;
				GCC_OPTIMIZATION_LEVEL = 0;
				GCC_PREPROCESSOR_DEFINITIONS = (
					"DEBUG=1",
					"$(inherited)",
				);
				GCC_WARN_64_TO_32_BIT_CONVERSION = YES;
				GCC_WARN_ABOUT_RETURN_TYPE = YES_ERROR;
				GCC_WARN_UNDECLARED_SELECTOR = YES;
				GCC_WARN_UNINITIALIZED_AUTOS = YES_AGGRESSIVE;
				GCC_WARN_UNUSED_FUNCTION = YES;
				GCC_WARN_UNUSED_VARIABLE = YES;
				IPHONEOS_DEPLOYMENT_TARGET = 17.5;
				LOCALIZATION_PREFERS_STRING_CATALOGS = YES;
				MTL_ENABLE_DEBUG_INFO = INCLUDE_SOURCE;
				MTL_FAST_MATH = YES;
				ONLY_ACTIVE_ARCH = YES;
				SDKROOT = iphoneos;
				SWIFT_ACTIVE_COMPILATION_CONDITIONS = "DEBUG $(inherited)";
				SWIFT_OPTIMIZATION_LEVEL = "-Onone";
			};
			name = Debug;
		};
		251AD6D92BF7D0B5004037D2 /* Release */ = {
			isa = XCBuildConfiguration;
			buildSettings = {
				ALWAYS_SEARCH_USER_PATHS = NO;
				ASSETCATALOG_COMPILER_GENERATE_SWIFT_ASSET_SYMBOL_EXTENSIONS = YES;
				CLANG_ANALYZER_NONNULL = YES;
				CLANG_ANALYZER_NUMBER_OBJECT_CONVERSION = YES_AGGRESSIVE;
				CLANG_CXX_LANGUAGE_STANDARD = "gnu++20";
				CLANG_ENABLE_MODULES = YES;
				CLANG_ENABLE_OBJC_ARC = YES;
				CLANG_ENABLE_OBJC_WEAK = YES;
				CLANG_WARN_BLOCK_CAPTURE_AUTORELEASING = YES;
				CLANG_WARN_BOOL_CONVERSION = YES;
				CLANG_WARN_COMMA = YES;
				CLANG_WARN_CONSTANT_CONVERSION = YES;
				CLANG_WARN_DEPRECATED_OBJC_IMPLEMENTATIONS = YES;
				CLANG_WARN_DIRECT_OBJC_ISA_USAGE = YES_ERROR;
				CLANG_WARN_DOCUMENTATION_COMMENTS = YES;
				CLANG_WARN_EMPTY_BODY = YES;
				CLANG_WARN_ENUM_CONVERSION = YES;
				CLANG_WARN_INFINITE_RECURSION = YES;
				CLANG_WARN_INT_CONVERSION = YES;
				CLANG_WARN_NON_LITERAL_NULL_CONVERSION = YES;
				CLANG_WARN_OBJC_IMPLICIT_RETAIN_SELF = YES;
				CLANG_WARN_OBJC_LITERAL_CONVERSION = YES;
				CLANG_WARN_OBJC_ROOT_CLASS = YES_ERROR;
				CLANG_WARN_QUOTED_INCLUDE_IN_FRAMEWORK_HEADER = YES;
				CLANG_WARN_RANGE_LOOP_ANALYSIS = YES;
				CLANG_WARN_STRICT_PROTOTYPES = YES;
				CLANG_WARN_SUSPICIOUS_MOVE = YES;
				CLANG_WARN_UNGUARDED_AVAILABILITY = YES_AGGRESSIVE;
				CLANG_WARN_UNREACHABLE_CODE = YES;
				CLANG_WARN__DUPLICATE_METHOD_MATCH = YES;
				COPY_PHASE_STRIP = NO;
				DEBUG_INFORMATION_FORMAT = "dwarf-with-dsym";
				ENABLE_NS_ASSERTIONS = NO;
				ENABLE_STRICT_OBJC_MSGSEND = YES;
				ENABLE_USER_SCRIPT_SANDBOXING = YES;
				GCC_C_LANGUAGE_STANDARD = gnu17;
				GCC_NO_COMMON_BLOCKS = YES;
				GCC_WARN_64_TO_32_BIT_CONVERSION = YES;
				GCC_WARN_ABOUT_RETURN_TYPE = YES_ERROR;
				GCC_WARN_UNDECLARED_SELECTOR = YES;
				GCC_WARN_UNINITIALIZED_AUTOS = YES_AGGRESSIVE;
				GCC_WARN_UNUSED_FUNCTION = YES;
				GCC_WARN_UNUSED_VARIABLE = YES;
				IPHONEOS_DEPLOYMENT_TARGET = 17.5;
				LOCALIZATION_PREFERS_STRING_CATALOGS = YES;
				MTL_ENABLE_DEBUG_INFO = NO;
				MTL_FAST_MATH = YES;
				SDKROOT = iphoneos;
				SWIFT_COMPILATION_MODE = wholemodule;
				VALIDATE_PRODUCT = YES;
			};
			name = Release;
		};
		251AD6DB2BF7D0B5004037D2 /* Debug */ = {
			isa = XCBuildConfiguration;
			buildSettings = {
				ASSETCATALOG_COMPILER_APPICON_NAME = AppIcon;
				ASSETCATALOG_COMPILER_GLOBAL_ACCENT_COLOR_NAME = AccentColor;
				CODE_SIGN_STYLE = Automatic;
				CURRENT_PROJECT_VERSION = 1;
				DEVELOPMENT_ASSET_PATHS = "\"ButtonTest/Preview Content\"";
				DEVELOPMENT_TEAM = J7ZH6BJS36;
				ENABLE_PREVIEWS = YES;
				GENERATE_INFOPLIST_FILE = YES;
				INFOPLIST_KEY_UIApplicationSceneManifest_Generation = YES;
				INFOPLIST_KEY_UIApplicationSupportsIndirectInputEvents = YES;
				INFOPLIST_KEY_UILaunchScreen_Generation = YES;
				INFOPLIST_KEY_UISupportedInterfaceOrientations_iPad = "UIInterfaceOrientationPortrait UIInterfaceOrientationPortraitUpsideDown UIInterfaceOrientationLandscapeLeft UIInterfaceOrientationLandscapeRight";
				INFOPLIST_KEY_UISupportedInterfaceOrientations_iPhone = "UIInterfaceOrientationPortrait UIInterfaceOrientationLandscapeLeft UIInterfaceOrientationLandscapeRight";
				LD_RUNPATH_SEARCH_PATHS = (
					"$(inherited)",
					"@executable_path/Frameworks",
				);
				MARKETING_VERSION = 1.0;
				PRODUCT_BUNDLE_IDENTIFIER = com.treadwayhunter.ButtonTest;
				PRODUCT_NAME = "$(TARGET_NAME)";
				SWIFT_EMIT_LOC_STRINGS = YES;
				SWIFT_VERSION = 5.0;
				TARGETED_DEVICE_FAMILY = "1,2";
			};
			name = Debug;
		};
		251AD6DC2BF7D0B5004037D2 /* Release */ = {
			isa = XCBuildConfiguration;
			buildSettings = {
				ASSETCATALOG_COMPILER_APPICON_NAME = AppIcon;
				ASSETCATALOG_COMPILER_GLOBAL_ACCENT_COLOR_NAME = AccentColor;
				CODE_SIGN_STYLE = Automatic;
				CURRENT_PROJECT_VERSION = 1;
				DEVELOPMENT_ASSET_PATHS = "\"ButtonTest/Preview Content\"";
				DEVELOPMENT_TEAM = J7ZH6BJS36;
				ENABLE_PREVIEWS = YES;
				GENERATE_INFOPLIST_FILE = YES;
				INFOPLIST_KEY_UIApplicationSceneManifest_Generation = YES;
				INFOPLIST_KEY_UIApplicationSupportsIndirectInputEvents = YES;
				INFOPLIST_KEY_UILaunchScreen_Generation = YES;
				INFOPLIST_KEY_UISupportedInterfaceOrientations_iPad = "UIInterfaceOrientationPortrait UIInterfaceOrientationPortraitUpsideDown UIInterfaceOrientationLandscapeLeft UIInterfaceOrientationLandscapeRight";
				INFOPLIST_KEY_UISupportedInterfaceOrientations_iPhone = "UIInterfaceOrientationPortrait UIInterfaceOrientationLandscapeLeft UIInterfaceOrientationLandscapeRight";
				LD_RUNPATH_SEARCH_PATHS = (
					"$(inherited)",
					"@executable_path/Frameworks",
				);
				MARKETING_VERSION = 1.0;
				PRODUCT_BUNDLE_IDENTIFIER = com.treadwayhunter.ButtonTest;
				PRODUCT_NAME = "$(TARGET_NAME)";
				SWIFT_EMIT_LOC_STRINGS = YES;
				SWIFT_VERSION = 5.0;
				TARGETED_DEVICE_FAMILY = "1,2";
			};
			name = Release;
		};
		251AD6DE2BF7D0B5004037D2 /* Debug */ = {
			isa = XCBuildConfiguration;
			buildSettings = {
				ALWAYS_EMBED_SWIFT_STANDARD_LIBRARIES = YES;
				BUNDLE_LOADER = "$(TEST_HOST)";
				CODE_SIGN_STYLE = Automatic;
				CURRENT_PROJECT_VERSION = 1;
				DEVELOPMENT_TEAM = J7ZH6BJS36;
				GENERATE_INFOPLIST_FILE = YES;
				IPHONEOS_DEPLOYMENT_TARGET = 17.5;
				MARKETING_VERSION = 1.0;
				PRODUCT_BUNDLE_IDENTIFIER = com.treadwayhunter.ButtonTestTests;
				PRODUCT_NAME = "$(TARGET_NAME)";
				SWIFT_EMIT_LOC_STRINGS = NO;
				SWIFT_VERSION = 5.0;
				TARGETED_DEVICE_FAMILY = "1,2";
				TEST_HOST = "$(BUILT_PRODUCTS_DIR)/ButtonTest.app/$(BUNDLE_EXECUTABLE_FOLDER_PATH)/ButtonTest";
			};
			name = Debug;
		};
		251AD6DF2BF7D0B5004037D2 /* Release */ = {
			isa = XCBuildConfiguration;
			buildSettings = {
				ALWAYS_EMBED_SWIFT_STANDARD_LIBRARIES = YES;
				BUNDLE_LOADER = "$(TEST_HOST)";
				CODE_SIGN_STYLE = Automatic;
				CURRENT_PROJECT_VERSION = 1;
				DEVELOPMENT_TEAM = J7ZH6BJS36;
				GENERATE_INFOPLIST_FILE = YES;
				IPHONEOS_DEPLOYMENT_TARGET = 17.5;
				MARKETING_VERSION = 1.0;
				PRODUCT_BUNDLE_IDENTIFIER = com.treadwayhunter.ButtonTestTests;
				PRODUCT_NAME = "$(TARGET_NAME)";
				SWIFT_EMIT_LOC_STRINGS = NO;
				SWIFT_VERSION = 5.0;
				TARGETED_DEVICE_FAMILY = "1,2";
				TEST_HOST = "$(BUILT_PRODUCTS_DIR)/ButtonTest.app/$(BUNDLE_EXECUTABLE_FOLDER_PATH)/ButtonTest";
			};
			name = Release;
		};
		251AD6E12BF7D0B5004037D2 /* Debug */ = {
			isa = XCBuildConfiguration;
			buildSettings = {
				ALWAYS_EMBED_SWIFT_STANDARD_LIBRARIES = YES;
				CODE_SIGN_STYLE = Automatic;
				CURRENT_PROJECT_VERSION = 1;
				DEVELOPMENT_TEAM = J7ZH6BJS36;
				GENERATE_INFOPLIST_FILE = YES;
				MARKETING_VERSION = 1.0;
				PRODUCT_BUNDLE_IDENTIFIER = com.treadwayhunter.ButtonTestUITests;
				PRODUCT_NAME = "$(TARGET_NAME)";
				SWIFT_EMIT_LOC_STRINGS = NO;
				SWIFT_VERSION = 5.0;
				TARGETED_DEVICE_FAMILY = "1,2";
				TEST_TARGET_NAME = ButtonTest;
			};
			name = Debug;
		};
		251AD6E22BF7D0B5004037D2 /* Release */ = {
			isa = XCBuildConfiguration;
			buildSettings = {
				ALWAYS_EMBED_SWIFT_STANDARD_LIBRARIES = YES;
				CODE_SIGN_STYLE = Automatic;
				CURRENT_PROJECT_VERSION = 1;
				DEVELOPMENT_TEAM = J7ZH6BJS36;
				GENERATE_INFOPLIST_FILE = YES;
				MARKETING_VERSION = 1.0;
				PRODUCT_BUNDLE_IDENTIFIER = com.treadwayhunter.ButtonTestUITests;
				PRODUCT_NAME = "$(TARGET_NAME)";
				SWIFT_EMIT_LOC_STRINGS = NO;
				SWIFT_VERSION = 5.0;
				TARGETED_DEVICE_FAMILY = "1,2";
				TEST_TARGET_NAME = ButtonTest;
			};
			name = Release;
		};
/* End XCBuildConfiguration section */

/* Begin XCConfigurationList section */
		251AD6B12BF7D0B3004037D2 /* Build configuration list for PBXProject "ButtonTest" */ = {
			isa = XCConfigurationList;
			buildConfigurations = (
				251AD6D82BF7D0B5004037D2 /* Debug */,
				251AD6D92BF7D0B5004037D2 /* Release */,
			);
			defaultConfigurationIsVisible = 0;
			defaultConfigurationName = Release;
		};
		251AD6DA2BF7D0B5004037D2 /* Build configuration list for PBXNativeTarget "ButtonTest" */ = {
			isa = XCConfigurationList;
			buildConfigurations = (
				251AD6DB2BF7D0B5004037D2 /* Debug */,
				251AD6DC2BF7D0B5004037D2 /* Release */,
			);
			defaultConfigurationIsVisible = 0;
			defaultConfigurationName = Release;
		};
		251AD6DD2BF7D0B5004037D2 /* Build configuration list for PBXNativeTarget "ButtonTestTests" */ = {
			isa = XCConfigurationList;
			buildConfigurations = (
				251AD6DE2BF7D0B5004037D2 /* Debug */,
				251AD6DF2BF7D0B5004037D2 /* Release */,
			);
			defaultConfigurationIsVisible = 0;
			defaultConfigurationName = Release;
		};
		251AD6E02BF7D0B5004037D2 /* Build configuration list for PBXNativeTarget "ButtonTestUITests" */ = {
			isa = XCConfigurationList;
			buildConfigurations = (
				251AD6E12BF7D0B5004037D2 /* Debug */,
				251AD6E22BF7D0B5004037D2 /* Release */,
			);
			defaultConfigurationIsVisible = 0;
			defaultConfigurationName = Release;
		};
/* End XCConfigurationList section */
	};
	rootObject = 251AD6AE2BF7D0B3004037D2 /* Project object */;
}
